
Microsoft Visual Studio Solution File, Format Version 12.00
# Visual Studio Version 17
VisualStudioVersion = 17.11.35222.181
MinimumVisualStudioVersion = 10.0.40219.1
Project("{FAE04EC0-301F-11D3-BF4B-00C04F79EFBC}") = "GuidExample", "GuidExample\GuidExample.csproj", "{D5D0CB8B-C430-42AD-AFDA-C9CDF9564114}"
EndProject
Global
	GlobalSection(SolutionConfigurationPlatforms) = preSolution
		Debug|Any CPU = Debug|Any CPU
		Release|Any CPU = Release|Any CPU
	EndGlobalSection
	GlobalSection(ProjectConfigurationPlatforms) = postSolution
		{D5D0CB8B-C430-42AD-AFDA-C9CDF9564114}.Debug|Any CPU.ActiveCfg = Debug|Any CPU
		{D5D0CB8B-C430-42AD-AFDA-C9CDF9564114}.Debug|Any CPU.Build.0 = Debug|Any CPU
		{D5D0CB8B-C430-42AD-AFDA-C9CDF9564114}.Release|Any CPU.ActiveCfg = Release|Any CPU
		{D5D0CB8B-C430-42AD-AFDA-C9CDF9564114}.Release|Any CPU.Build.0 = Release|Any CPU
	EndGlobalSection
	GlobalSection(SolutionProperties) = preSolution
		HideSolutionNode = FALSE
	EndGlobalSection
	GlobalSection(ExtensibilityGlobals) = postSolution
		SolutionGuid = {129A17FD-F6F4-40CB-9B53-29826E9D4B59}
	EndGlobalSection
EndGlobal
